
Microsoft Visual Studio Solution File, Format Version 12.00
# Visual Studio Version 16
VisualStudioVersion = 16.0.30907.101
MinimumVisualStudioVersion = 10.0.40219.1
Project("{9A19103F-16F7-4668-BE54-9A1E7A4F7556}") = "Jaunt", "CMDAdv\Jaunt.csproj", "{31319BD4-FBE5-4F5A-A052-D2578A5B1E9B}"
EndProject
Global
	GlobalSection(SolutionConfigurationPlatforms) = preSolution
		Debug|Any CPU = Debug|Any CPU
		Release|Any CPU = Release|Any CPU
	EndGlobalSection
	GlobalSection(ProjectConfigurationPlatforms) = postSolution
		{31319BD4-FBE5-4F5A-A052-D2578A5B1E9B}.Debug|Any CPU.ActiveCfg = Debug|Any CPU
		{31319BD4-FBE5-4F5A-A052-D2578A5B1E9B}.Debug|Any CPU.Build.0 = Debug|Any CPU
		{31319BD4-FBE5-4F5A-A052-D2578A5B1E9B}.Release|Any CPU.ActiveCfg = Release|Any CPU
		{31319BD4-FBE5-4F5A-A052-D2578A5B1E9B}.Release|Any CPU.Build.0 = Release|Any CPU
	EndGlobalSection
	GlobalSection(SolutionProperties) = preSolution
		HideSolutionNode = FALSE
	EndGlobalSection
	GlobalSection(ExtensibilityGlobals) = postSolution
		SolutionGuid = {CC155011-3FA3-4539-96C3-4EB6BFE83EC3}
	EndGlobalSection
EndGlobal
